version = 1
revision = 2
requires-python = ">=3.10"

[[package]]
name = "diskcache"
version = "5.6.3"
source = { registry = "https://pypi.org/simple" }
sdist = { url = "https://files.pythonhosted.org/packages/3f/21/1c1ffc1a039ddcc459db43cc108658f32c57d271d7289a2794e401d0fdb6/diskcache-5.6.3.tar.gz", hash = "sha256:2c3a3fa2743d8535d832ec61c2054a1641f41775aa7c556758a109941e33e4fc", size = 67916, upload-time = "2023-08-31T06:12:00.316Z" }
wheels = [
    { url = "https://files.pythonhosted.org/packages/3f/27/4570e78fc0bf5ea0ca45eb1de3818a23787af9b390c0b0a0033a1b8236f9/diskcache-5.6.3-py3-none-any.whl", hash = "sha256:5e31b2d5fbad117cc363ebaf6b689474db18a1f6438bc82358b024abd4c2ca19", size = 45550, upload-time = "2023-08-31T06:11:58.822Z" },
]

[[package]]
name = "fusepy"
version = "3.0.1"
source = { registry = "https://pypi.org/simple" }
sdist = { url = "https://files.pythonhosted.org/packages/04/0b/4506cb2e831cea4b0214d3625430e921faaa05a7fb520458c75a2dbd2152/fusepy-3.0.1.tar.gz", hash = "sha256:72ff783ec2f43de3ab394e3f7457605bf04c8cf288a2f4068b4cde141d4ee6bd", size = 11519, upload-time = "2018-09-17T00:14:52.666Z" }

[[package]]
name = "obspec"
version = "0.1.0"
source = { registry = "https://pypi.org/simple" }
dependencies = [
    { name = "typing-extensions", marker = "python_full_version < '3.12'" },
]
sdist = { url = "https://files.pythonhosted.org/packages/e2/94/7a9ad6927cac6ec7680e11772fb692145a05a93bafd80b84f6f0ef12f4e7/obspec-0.1.0.tar.gz", hash = "sha256:b189781a53f82ef8d6abf0c9e77fd4c46ac9f244d5a91eb35ee61c2e2b204a4a", size = 117254, upload-time = "2025-06-25T05:24:00.002Z" }
wheels = [
    { url = "https://files.pythonhosted.org/packages/bb/69/96feeac84ce0b871567225c78515f3b557c023e72ed9b4f1833f3662bd6b/obspec-0.1.0-py3-none-any.whl", hash = "sha256:307f0fa2c2998b324ecf0eed6a2a89049a4c40c9b1fa2b5e1af28f0ee72136b3", size = 15231, upload-time = "2025-06-25T05:23:58.735Z" },
]

[[package]]
name = "obstore"
version = "0.8.0"
source = { registry = "https://pypi.org/simple" }
dependencies = [
    { name = "typing-extensions", marker = "python_full_version < '3.13'" },
]
wheels = [
    { url = "https://files.pythonhosted.org/packages/2e/f2/573413e09e57054a08cd16779310862dcc0fa3c7e790e8384c24b8465dbf/obstore-0.8.0-cp310-cp310-macosx_10_12_x86_64.whl", hash = "sha256:8d4849e3c954bbc940b949ad48dcada1b2b5accf63e6d926ed46eb0bcdbd157a", size = 3680739, upload-time = "2025-08-07T21:11:35.996Z" },
    { url = "https://files.pythonhosted.org/packages/d2/44/2ffadd22d9bccb11403e75f4240c89411085d621a50ba11d29a5aae3167f/obstore-0.8.0-cp310-cp310-macosx_11_0_arm64.whl", hash = "sha256:398d75c1f028ebd114a720105fbddd4efc4fec41e898a65f51f739f0594a0923", size = 3400471, upload-time = "2025-08-07T21:11:38.161Z" },
    { url = "https://files.pythonhosted.org/packages/11/4a/1a6ca04ec53a5c180156dab3add3ae4660bb1df26c03d446c108d9dd8853/obstore-0.8.0-cp310-cp310-manylinux_2_17_armv7l.manylinux2014_armv7l.whl", hash = "sha256:96f2c1617af785bbcb9b554fcc18a85cf22dd9f1f4d91c5a987e74f3a41f108d", size = 3455444, upload-time = "2025-08-07T21:11:39.674Z" },
    { url = "https://files.pythonhosted.org/packages/c9/ed/82964598ee1c6b5aec11b4b031302460f3021db46301a08ad4e3b2f78fee/obstore-0.8.0-cp310-cp310-manylinux_2_17_i686.manylinux2014_i686.whl", hash = "sha256:75a6a0716e282dacc287ccfe299f6929e9e798edf3e766b6d0278dd8cc90dd41", size = 3686983, upload-time = "2025-08-07T21:11:41.114Z" },
    { url = "https://files.pythonhosted.org/packages/30/be/85004df68b78bc9618d3a2afc6283692da65b584e7284ae8070312bfeb5c/obstore-0.8.0-cp310-cp310-manylinux_2_17_ppc64le.manylinux2014_ppc64le.whl", hash = "sha256:62f63b1030056859bf460237ea45722a79014fcf846a9e7d9c907185fb006a2f", size = 3957131, upload-time = "2025-08-07T21:11:42.523Z" },
    { url = "https://files.pythonhosted.org/packages/45/cc/a05031f92a7f7b09d904ea2964ea59e19d596bddbbc1a5c9af6bd7815ff0/obstore-0.8.0-cp310-cp310-manylinux_2_17_s390x.manylinux2014_s390x.whl", hash = "sha256:18694b8169ae744b5aaedddaf3ebb81a3d6f191760e48a323f603305efac4fa0", size = 3927359, upload-time = "2025-08-07T21:11:44.042Z" },
    { url = "https://files.pythonhosted.org/packages/e2/ad/e8c57ff027b79d4f633b070a7eb98b1b6db6feb581914944179db642f29e/obstore-0.8.0-cp310-cp310-manylinux_2_17_x86_64.manylinux2014_x86_64.whl", hash = "sha256:fb7acec0799b0e9618aaa7d1116ee3956476bec5b617b5da19ff8090f97a339d", size = 3766835, upload-time = "2025-08-07T21:11:45.46Z" },
    { url = "https://files.pythonhosted.org/packages/04/1e/4831f68d148e7223c9aa1d434056ed19fbabf1c46e8a3291b8a1dcdfde35/obstore-0.8.0-cp310-cp310-manylinux_2_24_aarch64.whl", hash = "sha256:9c5baa6ab2f6ac5dc82b0ba8bc6ef1857f62e96183e0e9c922f3082d748139cf", size = 3534199, upload-time = "2025-08-07T21:11:46.941Z" },
    { url = "https://files.pythonhosted.org/packages/aa/15/72ab6895f6cccde679648edf46de2f0f111637b35793f6bf1d6a04e48e93/obstore-0.8.0-cp310-cp310-musllinux_1_2_aarch64.whl", hash = "sha256:ca2d288afa0426ad3932adb9088d1e82efaa6ed889903e8ae8851faa32df7df1", size = 3699155, upload-time = "2025-08-07T21:11:48.248Z" },
    { url = "https://files.pythonhosted.org/packages/ed/26/1e687e5b4a00c93d42d01c5b17b6861cb1241999b638046ca51188082fc5/obstore-0.8.0-cp310-cp310-musllinux_1_2_armv7l.whl", hash = "sha256:7ce0ad35d1dc35482da7d6919d7ac67812680c547afd454d17479e5e63593dc0", size = 3676246, upload-time = "2025-08-07T21:11:49.503Z" },
    { url = "https://files.pythonhosted.org/packages/fa/4d/48b1be8ae9f2305c8a3e315ea6ba92644e185fa371d2c8352a974aedc1df/obstore-0.8.0-cp310-cp310-musllinux_1_2_i686.whl", hash = "sha256:bee56f5a01562f0f34227e97675e2d4663c97c5be8c185c0a1072ea47f068316", size = 3764811, upload-time = "2025-08-07T21:11:51.012Z" },
    { url = "https://files.pythonhosted.org/packages/2d/62/291c51524ba2077c3dbca5200df511f9895b3f1747bff367eead82fe3a86/obstore-0.8.0-cp310-cp310-musllinux_1_2_x86_64.whl", hash = "sha256:0fd20db78ad943beaef56075ca7eebf7289ba3a2f6c42797adb54fc010ddc2c7", size = 3939313, upload-time = "2025-08-07T21:11:52.615Z" },
    { url = "https://files.pythonhosted.org/packages/b9/df/3fe682c500fca433f61c07a1f42be74024008538bc9655b9ddd388b14d79/obstore-0.8.0-cp310-cp310-win_amd64.whl", hash = "sha256:d081bc190ecb0d76011ebf5df8200f2819840bac174dd76c67b82e75641881fe", size = 4038159, upload-time = "2025-08-07T21:11:53.743Z" },
    { url = "https://files.pythonhosted.org/packages/5a/02/ea61e85c34d56e54a2a5ac56e66a767dfbca4cc573454f3501986174eb59/obstore-0.8.0-cp311-cp311-macosx_10_12_x86_64.whl", hash = "sha256:abff29a885e7958fb009bc393855fb3fb04bd95c6754c768e1374f704b961c25", size = 3681028, upload-time = "2025-08-07T21:11:54.914Z" },
    { url = "https://files.pythonhosted.org/packages/db/92/fcf6add23cb0b107a3d196cf04561a8496ff76a03caf2b6efa7c1851b5e5/obstore-0.8.0-cp311-cp311-macosx_11_0_arm64.whl", hash = "sha256:32647fe9238d707ae98c6337ab86c144f2432a1ca302e58759b4acec1a9f7234", size = 3401005, upload-time = "2025-08-07T21:11:56.146Z" },
    { url = "https://files.pythonhosted.org/packages/a4/2f/c81d497777db82626cfdcf8d3d885269b0c8eeeb9bce2fb7485adcec4764/obstore-0.8.0-cp311-cp311-manylinux_2_17_armv7l.manylinux2014_armv7l.whl", hash = "sha256:4d413a0beb5a1c84b705889b1246e37f5f77b4337b2c353d40e3764ffa04c9ff", size = 3454584, upload-time = "2025-08-07T21:11:57.555Z" },
    { url = "https://files.pythonhosted.org/packages/4f/47/298a0acc8f5c5aaf4dfe2c41a23667207802baffa8ef41443b7ee059a5bb/obstore-0.8.0-cp311-cp311-manylinux_2_17_i686.manylinux2014_i686.whl", hash = "sha256:1f3a305a5ed3b0a2355085a8e1891c552d6051d954f2364d7caa2a4e3b992662", size = 3687185, upload-time = "2025-08-07T21:11:59.168Z" },
    { url = "https://files.pythonhosted.org/packages/8a/c3/67ff71c34127a266b2399ec64255124438afc9aef476b07a00861b9fd6da/obstore-0.8.0-cp311-cp311-manylinux_2_17_ppc64le.manylinux2014_ppc64le.whl", hash = "sha256:a873d06d05a309f0e8bb047143c308af9c64fc6dae5442aa826c634120397807", size = 3957273, upload-time = "2025-08-07T21:12:00.699Z" },
    { url = "https://files.pythonhosted.org/packages/98/94/a242d90051a65c83ad9e56391faf6e3b0316d737aecc27dc465010d2ebad/obstore-0.8.0-cp311-cp311-manylinux_2_17_s390x.manylinux2014_s390x.whl", hash = "sha256:b8d8c59e584006348fff5d4e4084a72a2ae94eaeecc46aa8acc59fc4b496dd20", size = 3927131, upload-time = "2025-08-07T21:12:02.305Z" },
    { url = "https://files.pythonhosted.org/packages/c2/57/4333fc09670bd3c3fc3f7d6e4115671b0946dff15509be9b261326dda7b4/obstore-0.8.0-cp311-cp311-manylinux_2_17_x86_64.manylinux2014_x86_64.whl", hash = "sha256:ae33a2d6e014027e4929cc2ec79444a23a3cb57efbc2ab9fe86ddc16e702b7cb", size = 3766558, upload-time = "2025-08-07T21:12:03.744Z" },
    { url = "https://files.pythonhosted.org/packages/5a/d1/691e2961cf2c0ca38170a0fd9aa6a1e165d52a8bc82122dae08637d75c27/obstore-0.8.0-cp311-cp311-manylinux_2_24_aarch64.whl", hash = "sha256:4117874b1d40857606c0cc07018984857f3b5965ef3df4ed77516c8d3675b645", size = 3534461, upload-time = "2025-08-07T21:12:04.937Z" },
    { url = "https://files.pythonhosted.org/packages/6a/43/e406105639f0216d3cb4a939162bec06e852e856e4b80437f477d51f60d2/obstore-0.8.0-cp311-cp311-musllinux_1_2_aarch64.whl", hash = "sha256:749f8692d3eae7311e771186a2b3eb2b9f16c67bd661cedf0cfd4a4d3214994d", size = 3699263, upload-time = "2025-08-07T21:12:06.409Z" },
    { url = "https://files.pythonhosted.org/packages/7c/af/1f5c93777aa644b2309e19e5477b0f6322cd80cb6b0f14c7dcbf82290345/obstore-0.8.0-cp311-cp311-musllinux_1_2_armv7l.whl", hash = "sha256:ef940f02b6b31254a105748e16b19da40d3ad8f6869f3aaf298e52dbc6a61c57", size = 3675538, upload-time = "2025-08-07T21:12:07.683Z" },
    { url = "https://files.pythonhosted.org/packages/ce/c3/0a9f73264b158505edf6d63bbff07e7ac3e057a3812bac98d3f935734d8a/obstore-0.8.0-cp311-cp311-musllinux_1_2_i686.whl", hash = "sha256:01fbab7ccad08f3fbc34b0aaa5c27d8ecfb5e1cb5917f694fa1c82b83236ea3e", size = 3765039, upload-time = "2025-08-07T21:12:10.172Z" },
    { url = "https://files.pythonhosted.org/packages/bb/95/bd1ce67430887d2123c8361f7b2003cbde61c6288b5827c2eeecc8487542/obstore-0.8.0-cp311-cp311-musllinux_1_2_x86_64.whl", hash = "sha256:7ff857509ef22c30d3e8b297c2e6d2fc1ee181b6d69e35afed7c4f815e882e49", size = 3939451, upload-time = "2025-08-07T21:12:11.479Z" },
    { url = "https://files.pythonhosted.org/packages/61/ec/1558e72130739341afec53e2038dd19750051a20b9192f73c8f58d41d5b7/obstore-0.8.0-cp311-cp311-win_amd64.whl", hash = "sha256:9a4cb01f985812fd6b24c06e650d41d3f626c682ed2ef2d5d67000274705e1ba", size = 4037860, upload-time = "2025-08-07T21:12:12.681Z" },
    { url = "https://files.pythonhosted.org/packages/7f/27/6b19fe6fa12312c7deb3dceaa55074fcc3796f8b6517f0450685b6133d21/obstore-0.8.0-cp312-cp312-macosx_10_12_x86_64.whl", hash = "sha256:678148bd3cbab4c1132e9a5e83272151dd4319964c166202db3bfadd0ae4d340", size = 3677531, upload-time = "2025-08-07T21:12:13.859Z" },
    { url = "https://files.pythonhosted.org/packages/82/c3/5247cb4fc0d41edf9ce99d5956b31ba8eefc7ab647bdf499104b7de98310/obstore-0.8.0-cp312-cp312-macosx_11_0_arm64.whl", hash = "sha256:c3e55257a7322fd43a445b5c196d388a0dd97d65b1f86e4eb48e6e0b5f41ffed", size = 3389393, upload-time = "2025-08-07T21:12:15.477Z" },
    { url = "https://files.pythonhosted.org/packages/bf/12/42ca5d5fd82f726d0fb83abe3e4ef88ded5e1a226d52e3f368389bbd993c/obstore-0.8.0-cp312-cp312-manylinux_2_17_armv7l.manylinux2014_armv7l.whl", hash = "sha256:6a7d349cd0cdd73bc1047658950fd888ae192e0bd9c38ff78f788b92fa72b0fd", size = 3457808, upload-time = "2025-08-07T21:12:16.971Z" },
    { url = "https://files.pythonhosted.org/packages/8a/82/17179f5d9d664e5b184378ada6c9a1ab8f3a106ce4503ac1c18ded7773ba/obstore-0.8.0-cp312-cp312-manylinux_2_17_i686.manylinux2014_i686.whl", hash = "sha256:99b70321122ea74e02d8cc6689f773fcfc42f040ee108c1401e34d9a34a74256", size = 3692420, upload-time = "2025-08-07T21:12:18.119Z" },
    { url = "https://files.pythonhosted.org/packages/9d/39/4fc71a22bb104fc50c46665b72c767acfbde452ed46ddff62a145bae7891/obstore-0.8.0-cp312-cp312-manylinux_2_17_ppc64le.manylinux2014_ppc64le.whl", hash = "sha256:b90b373d5b0019d0866821cd99838c68bf7adad9bb6c929643618a765f417559", size = 3954093, upload-time = "2025-08-07T21:12:19.5Z" },
    { url = "https://files.pythonhosted.org/packages/d2/f5/7901a7b0fc1442dbb9119ada616125117d58f4fefc4055e87e72debb8ba2/obstore-0.8.0-cp312-cp312-manylinux_2_17_s390x.manylinux2014_s390x.whl", hash = "sha256:bbc5923ab8fd929145ab0d93e96c19623779f5530eec980f3bd7c6d33042c87f", size = 3937149, upload-time = "2025-08-07T21:12:20.754Z" },
    { url = "https://files.pythonhosted.org/packages/33/19/1a4d341d388b7ebaa0f5050555e5c984807309c71681e1033098476a0c38/obstore-0.8.0-cp312-cp312-manylinux_2_17_x86_64.manylinux2014_x86_64.whl", hash = "sha256:790cb8be172e5393fc107eae32f8c563dbf542062e4d39c153e2360460475cf1", size = 3766290, upload-time = "2025-08-07T21:12:22.41Z" },
    { url = "https://files.pythonhosted.org/packages/bd/8c/2b9c8b32bea783ad3afe79b97c4e7554de843ccca3476e1b0ff3bc5b8454/obstore-0.8.0-cp312-cp312-manylinux_2_24_aarch64.whl", hash = "sha256:84ab8e6e6204e54a0739d0b35b8bec60529bd04f1a2bef1f9fc97841baa9640d", size = 3530631, upload-time = "2025-08-07T21:12:23.949Z" },
    { url = "https://files.pythonhosted.org/packages/72/41/17a79686e8a5ae286ce02c2a4019c31f3752a9eafd6d0687f23d07759de7/obstore-0.8.0-cp312-cp312-musllinux_1_2_aarch64.whl", hash = "sha256:4338790f76a3419e9262e6f5ab017c21a9d37bf4c5cf788d27ea4375c30057d1", size = 3694094, upload-time = "2025-08-07T21:12:25.132Z" },
    { url = "https://files.pythonhosted.org/packages/d6/1f/025e7d508b7e4caef4878f29ed28b629d9b359d5f84a98aa1bb142c554a6/obstore-0.8.0-cp312-cp312-musllinux_1_2_armv7l.whl", hash = "sha256:89bacc384d1bb347a9cf357ce37f632f78d0bc4a642ab3788d12363889a48078", size = 3678782, upload-time = "2025-08-07T21:12:26.393Z" },
    { url = "https://files.pythonhosted.org/packages/b3/26/043992542a97e3a1f5e2e2039fba86dff0cad5d865fab0f88e72b91804da/obstore-0.8.0-cp312-cp312-musllinux_1_2_i686.whl", hash = "sha256:933ede27179a244427c297778e9b4b8d483e588811325c527b132bf9196f8aaf", size = 3772620, upload-time = "2025-08-07T21:12:27.807Z" },
    { url = "https://files.pythonhosted.org/packages/93/32/b43f249f8a3bf4c35efaa2239c4c6d5191716a154d4587d36ee7e197c841/obstore-0.8.0-cp312-cp312-musllinux_1_2_x86_64.whl", hash = "sha256:4d5753afa949abcd7f4b90e661b66ef67fd5c4c4779ad2340543c0a6dffdd4a5", size = 3936848, upload-time = "2025-08-07T21:12:28.998Z" },
    { url = "https://files.pythonhosted.org/packages/c6/af/0f986154ced82bd9a7153521650100d729a36544d773eaa01e3f500dd267/obstore-0.8.0-cp312-cp312-win_amd64.whl", hash = "sha256:6dc8a9fd495cbcc5af55b501ebfb97b1bb00708d3cf584f8b56049488e9ccc4a", size = 4047881, upload-time = "2025-08-07T21:12:30.183Z" },
    { url = "https://files.pythonhosted.org/packages/0b/d3/5fe5a2143967bf0d92118d83010dc896d729e57b21d00599ba4952c19a10/obstore-0.8.0-cp313-cp313-macosx_10_12_x86_64.whl", hash = "sha256:1c79fdd581719131be46c69f0f70e9fb4da3e9e6f4cb9255838d67a28198cdd8", size = 3677065, upload-time = "2025-08-07T21:12:31.485Z" },
    { url = "https://files.pythonhosted.org/packages/b4/41/23d9d7c14507eed7e75aefbe13ab1097e8312a2211ba6129c26eb6178c19/obstore-0.8.0-cp313-cp313-macosx_11_0_arm64.whl", hash = "sha256:b31a94e1da14f062385fd9538be0c9a7ef7f43368fc33b019d87af5a6364bace", size = 3389589, upload-time = "2025-08-07T21:12:32.668Z" },
    { url = "https://files.pythonhosted.org/packages/1c/9d/52f84c78e638d62432ca65e56e48fc29d19c27efaa6d61b6f33ea3045690/obstore-0.8.0-cp313-cp313-manylinux_2_17_armv7l.manylinux2014_armv7l.whl", hash = "sha256:26c39549d9edc162d5c434b6b12a6cd8f0f058e57b5334002d650aaa47a4e22c", size = 3457427, upload-time = "2025-08-07T21:12:34.211Z" },
    { url = "https://files.pythonhosted.org/packages/03/39/8911d24b754bb46636c546c5a4d23ee7e551cc9675edc9e86c51f14ae502/obstore-0.8.0-cp313-cp313-manylinux_2_17_i686.manylinux2014_i686.whl", hash = "sha256:df501a821d298759b2ab0691c08318de30912a39e7ae2660c3d4a68b80309c1c", size = 3692278, upload-time = "2025-08-07T21:12:35.535Z" },
    { url = "https://files.pythonhosted.org/packages/fe/68/062a2a8a386c0fdfe6db6e8bf4f3574c7695cd52b2c9b9a732dcf44d522a/obstore-0.8.0-cp313-cp313-manylinux_2_17_ppc64le.manylinux2014_ppc64le.whl", hash = "sha256:30729866bb873d04a162975bd4b4d09b95af1ad0ee755df6cf2c99c087cc471a", size = 3953609, upload-time = "2025-08-07T21:12:37.106Z" },
    { url = "https://files.pythonhosted.org/packages/db/69/0df001372699cc58be2ca1d32896c965f4a0ae91fc5a33e346ee727d945c/obstore-0.8.0-cp313-cp313-manylinux_2_17_s390x.manylinux2014_s390x.whl", hash = "sha256:7e02bdc01ef35ed73108b28a898e167d1ea938605e11360addaf47e36b5e488f", size = 3945800, upload-time = "2025-08-07T21:12:38.693Z" },
    { url = "https://files.pythonhosted.org/packages/98/ea/a8cfb814b9575fc5e78ff4bdd3329bbb73ec73abc188e37a43c92fba386d/obstore-0.8.0-cp313-cp313-manylinux_2_17_x86_64.manylinux2014_x86_64.whl", hash = "sha256:d4e7e49a5e8ec2adeeb721e1e8162a5bbfa50025cc93370d1ae2c6c234bff18f", size = 3765634, upload-time = "2025-08-07T21:12:39.955Z" },
    { url = "https://files.pythonhosted.org/packages/d1/5a/443d8e790387f5bdee7ac29439c6fbf721a9c590eaf70cbbbbb021eda364/obstore-0.8.0-cp313-cp313-manylinux_2_24_aarch64.whl", hash = "sha256:ec6eaed4b8e1484908e6be2e92690117e942c753dc430d9134eebb63049ab9ec", size = 3530217, upload-time = "2025-08-07T21:12:41.237Z" },
    { url = "https://files.pythonhosted.org/packages/4e/a7/ab60e4644f52c77a76f4583bfa74e1b2b96efb25f94b915e9064de43a1a6/obstore-0.8.0-cp313-cp313-musllinux_1_2_aarch64.whl", hash = "sha256:ed984b040ad6f6e1fa316f0ab4cb95b92d7a301ff13d1afda61cb06b10067ace", size = 3694008, upload-time = "2025-08-07T21:12:42.871Z" },
    { url = "https://files.pythonhosted.org/packages/0b/9a/f64ccec0bebe32c0ee1f007a3f53f83768cd4e590d8de33e942ead063bc4/obstore-0.8.0-cp313-cp313-musllinux_1_2_armv7l.whl", hash = "sha256:4201d51a16fe0f1fbad2bd7bd3e402c59e68fa3dfb4b12eb74e4b3cbfaae285a", size = 3678544, upload-time = "2025-08-07T21:12:44.631Z" },
    { url = "https://files.pythonhosted.org/packages/ee/fd/ea0395df45767153a189a54bf80e0caf0cd57d9842e016f60b79139bb624/obstore-0.8.0-cp313-cp313-musllinux_1_2_i686.whl", hash = "sha256:15c94a07abdaa8bb5136ab23a0f3b87c7b094166ea008859c1ff00dba2221f8e", size = 3772225, upload-time = "2025-08-07T21:12:45.93Z" },
    { url = "https://files.pythonhosted.org/packages/f1/bc/0f353b3bba595f3ca0991736fe1e5aab39ff11e4d2f5399458dc9e8e443b/obstore-0.8.0-cp313-cp313-musllinux_1_2_x86_64.whl", hash = "sha256:58afe9b94cc6c8565e3b51518bcccbace5beaba9ac91cc03f3b2d4193ad4bddb", size = 3936694, upload-time = "2025-08-07T21:12:47.204Z" },
    { url = "https://files.pythonhosted.org/packages/f3/d2/49a80f8f8c19aaab1953c95ee9d23d135091950940de3221062585d73046/obstore-0.8.0-cp313-cp313-win_amd64.whl", hash = "sha256:d5b976c0021b8b5807f314ed4766c64e6998fdd533b4da7421d1b6a313c3e3fd", size = 4047458, upload-time = "2025-08-07T21:12:48.484Z" },
    { url = "https://files.pythonhosted.org/packages/6f/ba/a90745593241c89b20d908edec7af9e8788c3526055206ab81bb6159d6bc/obstore-0.8.0-pp310-pypy310_pp73-macosx_10_12_x86_64.whl", hash = "sha256:12c216238644da80d225fe8f3edd865aa3f7905efd75bbe6098be9fac3ea5409", size = 3681329, upload-time = "2025-08-07T21:13:07.914Z" },
    { url = "https://files.pythonhosted.org/packages/df/1b/3b14cb825bf1d528a7cbe6601a16fc7e50462ced6f6b50be91279f50e1c0/obstore-0.8.0-pp310-pypy310_pp73-macosx_11_0_arm64.whl", hash = "sha256:e26839a4f0406de4585750461692e956dc2c5e757a060597b695ce3dcfdc82d8", size = 3401194, upload-time = "2025-08-07T21:13:09.185Z" },
    { url = "https://files.pythonhosted.org/packages/7f/57/d3998c408f5744e092e112f7ecae4b66e97d9a52561a4455845f29ae148d/obstore-0.8.0-pp310-pypy310_pp73-manylinux_2_17_armv7l.manylinux2014_armv7l.whl", hash = "sha256:1c4abd3edd59e8bfa317ef88047bde8c20a0784642cb9f9ff4d0b630f778aad5", size = 3454589, upload-time = "2025-08-07T21:13:10.539Z" },
    { url = "https://files.pythonhosted.org/packages/1d/2f/80d3bb97e27263f33a7f739ee7aea60377ecdeec7f40c2498002275f33bd/obstore-0.8.0-pp310-pypy310_pp73-manylinux_2_17_i686.manylinux2014_i686.whl", hash = "sha256:e21410498548aa1d66275e8d496feaba995310a6f4c50503d9ce57f388586419", size = 3686695, upload-time = "2025-08-07T21:13:11.792Z" },
    { url = "https://files.pythonhosted.org/packages/88/fb/deda4113ad80903abf6bd6b71360794995e74d98265e637dc3aaf50b14de/obstore-0.8.0-pp310-pypy310_pp73-manylinux_2_17_ppc64le.manylinux2014_ppc64le.whl", hash = "sha256:40c60739527d704da6c126859812293279e157c0074de70cb0674cb3d5b84d29", size = 3957601, upload-time = "2025-08-07T21:13:13.122Z" },
    { url = "https://files.pythonhosted.org/packages/7e/e8/8dc0bb4d020c3d1f68bf1cf14076290e57dc6a6af38cbe25bff57cb0ed14/obstore-0.8.0-pp310-pypy310_pp73-manylinux_2_17_s390x.manylinux2014_s390x.whl", hash = "sha256:61c8a24222eddeb31bdd2e7f90b6f7f640e91c638ca93c9cac116ce5cd9f4be3", size = 3928263, upload-time = "2025-08-07T21:13:14.781Z" },
    { url = "https://files.pythonhosted.org/packages/f8/0c/6b399c2af47ba68b80134867ac779c25dfe42bd30ede2f563ac54e3406ff/obstore-0.8.0-pp310-pypy310_pp73-manylinux_2_17_x86_64.manylinux2014_x86_64.whl", hash = "sha256:1077de67521fdac4bc9c96ac13ae6a47d08bc75ff5348137bb9b2d472595b222", size = 3769085, upload-time = "2025-08-07T21:13:16.105Z" },
    { url = "https://files.pythonhosted.org/packages/94/2e/985568dcbb9881a0cf33a6bbe197761b4b7b3b10453f296b92bf4b3fd31b/obstore-0.8.0-pp310-pypy310_pp73-manylinux_2_24_aarch64.whl", hash = "sha256:ce6d62c614c08e28dbc5ac6664fde207faac0f36eb77aa3247daff61aed7d31c", size = 3534452, upload-time = "2025-08-07T21:13:17.478Z" },
    { url = "https://files.pythonhosted.org/packages/ca/5d/98549f40f913d46fd42bf1a24d0d4c2dc30117a5b9f76c6dac46e5e59049/obstore-0.8.0-pp310-pypy310_pp73-musllinux_1_2_aarch64.whl", hash = "sha256:7664656839e65369ec29ac4c81d39be3b004141c0e49b90a6cb7bdea774251d2", size = 3698495, upload-time = "2025-08-07T21:13:18.882Z" },
    { url = "https://files.pythonhosted.org/packages/9b/12/eb69bab93b62c7805f45903f3d73138c3b8094f25b830955b77f651cec9b/obstore-0.8.0-pp310-pypy310_pp73-musllinux_1_2_armv7l.whl", hash = "sha256:2b39e9c1f705199c7195bd8de2b90cf51f41cdc085d76df3cf6d0f89d79c1ac9", size = 3675426, upload-time = "2025-08-07T21:13:20.152Z" },
    { url = "https://files.pythonhosted.org/packages/87/7c/498e2a97b7bfe4849a2bb68be5cbeb49bddb55cf190d7a7596c64fa3dbf1/obstore-0.8.0-pp310-pypy310_pp73-musllinux_1_2_i686.whl", hash = "sha256:7cf7583133933f5f686bfdc2af1fd9970530383dc67fd9eb859e6846becce1f3", size = 3764518, upload-time = "2025-08-07T21:13:21.491Z" },
    { url = "https://files.pythonhosted.org/packages/10/73/552d97cad1b4d7776439670d8f6573dc7948c432be0a3c3782ad55115e3d/obstore-0.8.0-pp310-pypy310_pp73-musllinux_1_2_x86_64.whl", hash = "sha256:90bae3f473816edc8d11b3e9020e21c50167815686d326198cb31d144fd4dec4", size = 3940359, upload-time = "2025-08-07T21:13:22.826Z" },
]

[[package]]
name = "simple-httpfs"
version = "0.4.12"
source = { editable = "." }
dependencies = [
    { name = "diskcache" },
    { name = "fusepy" },
    { name = "obspec" },
    { name = "obstore" },
]

[package.metadata]
requires-dist = [
    { name = "diskcache" },
    { name = "fusepy" },
    { name = "obspec" },
    { name = "obstore" },
]

[[package]]
name = "typing-extensions"
version = "4.14.1"
source = { registry = "https://pypi.org/simple" }
sdist = { url = "https://files.pythonhosted.org/packages/98/5a/da40306b885cc8c09109dc2e1abd358d5684b1425678151cdaed4731c822/typing_extensions-4.14.1.tar.gz", hash = "sha256:38b39f4aeeab64884ce9f74c94263ef78f3c22467c8724005483154c26648d36", size = 107673, upload-time = "2025-07-04T13:28:34.16Z" }
wheels = [
    { url = "https://files.pythonhosted.org/packages/b5/00/d631e67a838026495268c2f6884f3711a15a9a2a96cd244fdaea53b823fb/typing_extensions-4.14.1-py3-none-any.whl", hash = "sha256:d1e1e3b58374dc93031d6eda2420a48ea44a36c2b4766a4fdeb3710755731d76", size = 43906, upload-time = "2025-07-04T13:28:32.743Z" },
]
